// !$*UTF8*$!
{
	archiveVersion = 1;
	classes = {
	};
	objectVersion = 77;
	objects = {

/* Begin PBXBuildFile section */
		3D2AA4A22E1FA19F006D954C /* FirebaseCore in Frameworks */ = {isa = PBXBuildFile; productRef = 3D2AA4A12E1FA19F006D954C /* FirebaseCore */; };
		3D2AA4A42E1FA19F006D954C /* FirebaseStorage in Frameworks */ = {isa = PBXBuildFile; productRef = 3D2AA4A32E1FA19F006D954C /* FirebaseStorage */; };
/* End PBXBuildFile section */

/* Begin PBXContainerItemProxy section */
		3DC66E6D2E1D9E9700274138 /* PBXContainerItemProxy */ = {
			isa = PBXContainerItemProxy;
			containerPortal = 3DC66E572E1D9E9600274138 /* Project object */;
			proxyType = 1;
			remoteGlobalIDString = 3DC66E5E2E1D9E9600274138;
			remoteInfo = MusicPreview;
		};
		3DC66E772E1D9E9700274138 /* PBXContainerItemProxy */ = {
			isa = PBXContainerItemProxy;
			containerPortal = 3DC66E572E1D9E9600274138 /* Project object */;
			proxyType = 1;
			remoteGlobalIDString = 3DC66E5E2E1D9E9600274138;
			remoteInfo = MusicPreview;
		};
/* End PBXContainerItemProxy section */

/* Begin PBXFileReference section */
		3DC66E5F2E1D9E9600274138 /* prelaud.app */ = {isa = PBXFileReference; explicitFileType = wrapper.application; includeInIndex = 0; path = prelaud.app; sourceTree = BUILT_PRODUCTS_DIR; };
		3DC66E6C2E1D9E9700274138 /* prelaudTests.xctest */ = {isa = PBXFileReference; explicitFileType = wrapper.cfbundle; includeInIndex = 0; path = prelaudTests.xctest; sourceTree = BUILT_PRODUCTS_DIR; };
		3DC66E762E1D9E9700274138 /* prelaudUITests.xctest */ = {isa = PBXFileReference; explicitFileType = wrapper.cfbundle; includeInIndex = 0; path = prelaudUITests.xctest; sourceTree = BUILT_PRODUCTS_DIR; };
/* End PBXFileReference section */

/* Begin PBXFileSystemSynchronizedBuildFileExceptionSet section */
		3D2A0C722E26EFE1000C5669 /* Exceptions for "prelaud" folder in "prelaud" target */ = {
			isa = PBXFileSystemSynchronizedBuildFileExceptionSet;
			membershipExceptions = (
				Info.plist,
			);
			target = 3DC66E5E2E1D9E9600274138 /* prelaud */;
		};
/* End PBXFileSystemSynchronizedBuildFileExceptionSet section */

/* Begin PBXFileSystemSynchronizedRootGroup section */
		3DC66E612E1D9E9600274138 /* prelaud */ = {
			isa = PBXFileSystemSynchronizedRootGroup;
			exceptions = (
				3D2A0C722E26EFE1000C5669 /* Exceptions for "prelaud" folder in "prelaud" target */,
			);
			path = prelaud;
			sourceTree = "<group>";
		};
/* End PBXFileSystemSynchronizedRootGroup section */

/* Begin PBXFrameworksBuildPhase section */
		3DC66E5C2E1D9E9600274138 /* Frameworks */ = {
			isa = PBXFrameworksBuildPhase;
			buildActionMask = 2147483647;
			files = (
				3D2AA4A22E1FA19F006D954C /* FirebaseCore in Frameworks */,
				3D2AA4A42E1FA19F006D954C /* FirebaseStorage in Frameworks */,
			);
			runOnlyForDeploymentPostprocessing = 0;
		};
		3DC66E692E1D9E9700274138 /* Frameworks */ = {
			isa = PBXFrameworksBuildPhase;
			buildActionMask = 2147483647;
			files = (
			);
			runOnlyForDeploymentPostprocessing = 0;
		};
		3DC66E732E1D9E9700274138 /* Frameworks */ = {
			isa = PBXFrameworksBuildPhase;
			buildActionMask = 2147483647;
			files = (
			);
			runOnlyForDeploymentPostprocessing = 0;
		};
/* End PBXFrameworksBuildPhase section */

/* Begin PBXGroup section */
		3DC66E562E1D9E9600274138 = {
			isa = PBXGroup;
			children = (
				3DC66E612E1D9E9600274138 /* prelaud */,
				3DC66E602E1D9E9600274138 /* Products */,
			);
			sourceTree = "<group>";
		};
		3DC66E602E1D9E9600274138 /* Products */ = {
			isa = PBXGroup;
			children = (
				3DC66E5F2E1D9E9600274138 /* prelaud.app */,
				3DC66E6C2E1D9E9700274138 /* prelaudTests.xctest */,
				3DC66E762E1D9E9700274138 /* prelaudUITests.xctest */,
			);
			name = Products;
			sourceTree = "<group>";
		};
/* End PBXGroup section */

/* Begin PBXNativeTarget section */
		3DC66E5E2E1D9E9600274138 /* prelaud */ = {
			isa = PBXNativeTarget;
			buildConfigurationList = 3DC66E802E1D9E9700274138 /* Build configuration list for PBXNativeTarget "prelaud" */;
			buildPhases = (
				3DC66E5B2E1D9E9600274138 /* Sources */,
				3DC66E5C2E1D9E9600274138 /* Frameworks */,
				3DC66E5D2E1D9E9600274138 /* Resources */,
			);
			buildRules = (
			);
			dependencies = (
			);
			fileSystemSynchronizedGroups = (
				3DC66E612E1D9E9600274138 /* prelaud */,
			);
			name = prelaud;
			packageProductDependencies = (
				3D2AA4A12E1FA19F006D954C /* FirebaseCore */,
				3D2AA4A32E1FA19F006D954C /* FirebaseStorage */,
			);
			productName = MusicPreview;
			productReference = 3DC66E5F2E1D9E9600274138 /* prelaud.app */;
			productType = "com.apple.product-type.application";
		};
		3DC66E6B2E1D9E9700274138 /* prelaudTests */ = {
			isa = PBXNativeTarget;
			buildConfigurationList = 3DC66E832E1D9E9700274138 /* Build configuration list for PBXNativeTarget "prelaudTests" */;
			buildPhases = (
				3DC66E682E1D9E9700274138 /* Sources */,
				3DC66E692E1D9E9700274138 /* Frameworks */,
				3DC66E6A2E1D9E9700274138 /* Resources */,
			);
			buildRules = (
			);
			dependencies = (
				3DC66E6E2E1D9E9700274138 /* PBXTargetDependency */,
			);
			name = prelaudTests;
			packageProductDependencies = (
			);
			productName = MusicPreviewTests;
			productReference = 3DC66E6C2E1D9E9700274138 /* prelaudTests.xctest */;
			productType = "com.apple.product-type.bundle.unit-test";
		};
		3DC66E752E1D9E9700274138 /* prelaudUITests */ = {
			isa = PBXNativeTarget;
			buildConfigurationList = 3DC66E862E1D9E9700274138 /* Build configuration list for PBXNativeTarget "prelaudUITests" */;
			buildPhases = (
				3DC66E722E1D9E9700274138 /* Sources */,
				3DC66E732E1D9E9700274138 /* Frameworks */,
				3DC66E742E1D9E9700274138 /* Resources */,
			);
			buildRules = (
			);
			dependencies = (
				3DC66E782E1D9E9700274138 /* PBXTargetDependency */,
			);
			name = prelaudUITests;
			packageProductDependencies = (
			);
			productName = MusicPreviewUITests;
			productReference = 3DC66E762E1D9E9700274138 /* prelaudUITests.xctest */;
			productType = "com.apple.product-type.bundle.ui-testing";
		};
/* End PBXNativeTarget section */

/* Begin PBXProject section */
		3DC66E572E1D9E9600274138 /* Project object */ = {
			isa = PBXProject;
			attributes = {
				BuildIndependentTargetsInParallel = 1;
				LastSwiftUpdateCheck = 1630;
				LastUpgradeCheck = 1630;
				TargetAttributes = {
					3DC66E5E2E1D9E9600274138 = {
						CreatedOnToolsVersion = 16.3;
					};
					3DC66E6B2E1D9E9700274138 = {
						CreatedOnToolsVersion = 16.3;
						TestTargetID = 3DC66E5E2E1D9E9600274138;
					};
					3DC66E752E1D9E9700274138 = {
						CreatedOnToolsVersion = 16.3;
						TestTargetID = 3DC66E5E2E1D9E9600274138;
					};
				};
			};
			buildConfigurationList = 3DC66E5A2E1D9E9600274138 /* Build configuration list for PBXProject "prelaud" */;
			developmentRegion = en;
			hasScannedForEncodings = 0;
			knownRegions = (
				en,
				Base,
			);
			mainGroup = 3DC66E562E1D9E9600274138;
			minimizedProjectReferenceProxies = 1;
			packageReferences = (
				3D2AA4A02E1FA19F006D954C /* XCRemoteSwiftPackageReference "firebase-ios-sdk" */,
			);
			preferredProjectObjectVersion = 77;
			productRefGroup = 3DC66E602E1D9E9600274138 /* Products */;
			projectDirPath = "";
			projectRoot = "";
			targets = (
				3DC66E5E2E1D9E9600274138 /* prelaud */,
				3DC66E6B2E1D9E9700274138 /* prelaudTests */,
				3DC66E752E1D9E9700274138 /* prelaudUITests */,
			);
		};
/* End PBXProject section */

/* Begin PBXResourcesBuildPhase section */
		3DC66E5D2E1D9E9600274138 /* Resources */ = {
			isa = PBXResourcesBuildPhase;
			buildActionMask = 2147483647;
			files = (
			);
			runOnlyForDeploymentPostprocessing = 0;
		};
		3DC66E6A2E1D9E9700274138 /* Resources */ = {
			isa = PBXResourcesBuildPhase;
			buildActionMask = 2147483647;
			files = (
			);
			runOnlyForDeploymentPostprocessing = 0;
		};
		3DC66E742E1D9E9700274138 /* Resources */ = {
			isa = PBXResourcesBuildPhase;
			buildActionMask = 2147483647;
			files = (
			);
			runOnlyForDeploymentPostprocessing = 0;
		};
/* End PBXResourcesBuildPhase section */

/* Begin PBXSourcesBuildPhase section */
		3DC66E5B2E1D9E9600274138 /* Sources */ = {
			isa = PBXSourcesBuildPhase;
			buildActionMask = 2147483647;
			files = (
			);
			runOnlyForDeploymentPostprocessing = 0;
		};
		3DC66E682E1D9E9700274138 /* Sources */ = {
			isa = PBXSourcesBuildPhase;
			buildActionMask = 2147483647;
			files = (
			);
			runOnlyForDeploymentPostprocessing = 0;
		};
		3DC66E722E1D9E9700274138 /* Sources */ = {
			isa = PBXSourcesBuildPhase;
			buildActionMask = 2147483647;
			files = (
			);
			runOnlyForDeploymentPostprocessing = 0;
		};
/* End PBXSourcesBuildPhase section */

/* Begin PBXTargetDependency section */
		3DC66E6E2E1D9E9700274138 /* PBXTargetDependency */ = {
			isa = PBXTargetDependency;
			target = 3DC66E5E2E1D9E9600274138 /* prelaud */;
			targetProxy = 3DC66E6D2E1D9E9700274138 /* PBXContainerItemProxy */;
		};
		3DC66E782E1D9E9700274138 /* PBXTargetDependency */ = {
			isa = PBXTargetDependency;
			target = 3DC66E5E2E1D9E9600274138 /* prelaud */;
			targetProxy = 3DC66E772E1D9E9700274138 /* PBXContainerItemProxy */;
		};
/* End PBXTargetDependency section */

/* Begin XCBuildConfiguration section */
		3DC66E7E2E1D9E9700274138 /* Debug */ = {
			isa = XCBuildConfiguration;
			buildSettings = {
				ALWAYS_SEARCH_USER_PATHS = NO;
				ASSETCATALOG_COMPILER_GENERATE_SWIFT_ASSET_SYMBOL_EXTENSIONS = YES;
				CLANG_ANALYZER_NONNULL = YES;
				CLANG_ANALYZER_NUMBER_OBJECT_CONVERSION = YES_AGGRESSIVE;
				CLANG_CXX_LANGUAGE_STANDARD = "gnu++20";
				CLANG_ENABLE_MODULES = YES;
				CLANG_ENABLE_OBJC_ARC = YES;
				CLANG_ENABLE_OBJC_WEAK = YES;
				CLANG_WARN_BLOCK_CAPTURE_AUTORELEASING = YES;
				CLANG_WARN_BOOL_CONVERSION = YES;
				CLANG_WARN_COMMA = YES;
				CLANG_WARN_CONSTANT_CONVERSION = YES;
				CLANG_WARN_DEPRECATED_OBJC_IMPLEMENTATIONS = YES;
				CLANG_WARN_DIRECT_OBJC_ISA_USAGE = YES_ERROR;
				CLANG_WARN_DOCUMENTATION_COMMENTS = YES;
				CLANG_WARN_EMPTY_BODY = YES;
				CLANG_WARN_ENUM_CONVERSION = YES;
				CLANG_WARN_INFINITE_RECURSION = YES;
				CLANG_WARN_INT_CONVERSION = YES;
				CLANG_WARN_NON_LITERAL_NULL_CONVERSION = YES;
				CLANG_WARN_OBJC_IMPLICIT_RETAIN_SELF = YES;
				CLANG_WARN_OBJC_LITERAL_CONVERSION = YES;
				CLANG_WARN_OBJC_ROOT_CLASS = YES_ERROR;
				CLANG_WARN_QUOTED_INCLUDE_IN_FRAMEWORK_HEADER = YES;
				CLANG_WARN_RANGE_LOOP_ANALYSIS = YES;
				CLANG_WARN_STRICT_PROTOTYPES = YES;
				CLANG_WARN_SUSPICIOUS_MOVE = YES;
				CLANG_WARN_UNGUARDED_AVAILABILITY = YES_AGGRESSIVE;
				CLANG_WARN_UNREACHABLE_CODE = YES;
				CLANG_WARN__DUPLICATE_METHOD_MATCH = YES;
				COPY_PHASE_STRIP = NO;
				DEBUG_INFORMATION_FORMAT = dwarf;
				DEVELOPMENT_TEAM = 7A72DTAWC9;
				ENABLE_STRICT_OBJC_MSGSEND = YES;
				ENABLE_TESTABILITY = YES;
				ENABLE_USER_SCRIPT_SANDBOXING = YES;
				GCC_C_LANGUAGE_STANDARD = gnu17;
				GCC_DYNAMIC_NO_PIC = NO;
				GCC_NO_COMMON_BLOCKS = YES;
				GCC_OPTIMIZATION_LEVEL = 0;
				GCC_PREPROCESSOR_DEFINITIONS = (
					"DEBUG=1",
					"$(inherited)",
				);
				GCC_WARN_64_TO_32_BIT_CONVERSION = YES;
				GCC_WARN_ABOUT_RETURN_TYPE = YES_ERROR;
				GCC_WARN_UNDECLARED_SELECTOR = YES;
				GCC_WARN_UNINITIALIZED_AUTOS = YES_AGGRESSIVE;
				GCC_WARN_UNUSED_FUNCTION = YES;
				GCC_WARN_UNUSED_VARIABLE = YES;
				IPHONEOS_DEPLOYMENT_TARGET = 18.4;
				LOCALIZATION_PREFERS_STRING_CATALOGS = YES;
				MTL_ENABLE_DEBUG_INFO = INCLUDE_SOURCE;
				MTL_FAST_MATH = YES;
				ONLY_ACTIVE_ARCH = YES;
				SDKROOT = iphoneos;
				SWIFT_ACTIVE_COMPILATION_CONDITIONS = "DEBUG $(inherited)";
				SWIFT_OPTIMIZATION_LEVEL = "-Onone";
			};
			name = Debug;
		};
		3DC66E7F2E1D9E9700274138 /* Release */ = {
			isa = XCBuildConfiguration;
			buildSettings = {
				ALWAYS_SEARCH_USER_PATHS = NO;
				ASSETCATALOG_COMPILER_GENERATE_SWIFT_ASSET_SYMBOL_EXTENSIONS = YES;
				CLANG_ANALYZER_NONNULL = YES;
				CLANG_ANALYZER_NUMBER_OBJECT_CONVERSION = YES_AGGRESSIVE;
				CLANG_CXX_LANGUAGE_STANDARD = "gnu++20";
				CLANG_ENABLE_MODULES = YES;
				CLANG_ENABLE_OBJC_ARC = YES;
				CLANG_ENABLE_OBJC_WEAK = YES;
				CLANG_WARN_BLOCK_CAPTURE_AUTORELEASING = YES;
				CLANG_WARN_BOOL_CONVERSION = YES;
				CLANG_WARN_COMMA = YES;
				CLANG_WARN_CONSTANT_CONVERSION = YES;
				CLANG_WARN_DEPRECATED_OBJC_IMPLEMENTATIONS = YES;
				CLANG_WARN_DIRECT_OBJC_ISA_USAGE = YES_ERROR;
				CLANG_WARN_DOCUMENTATION_COMMENTS = YES;
				CLANG_WARN_EMPTY_BODY = YES;
				CLANG_WARN_ENUM_CONVERSION = YES;
				CLANG_WARN_INFINITE_RECURSION = YES;
				CLANG_WARN_INT_CONVERSION = YES;
				CLANG_WARN_NON_LITERAL_NULL_CONVERSION = YES;
				CLANG_WARN_OBJC_IMPLICIT_RETAIN_SELF = YES;
				CLANG_WARN_OBJC_LITERAL_CONVERSION = YES;
				CLANG_WARN_OBJC_ROOT_CLASS = YES_ERROR;
				CLANG_WARN_QUOTED_INCLUDE_IN_FRAMEWORK_HEADER = YES;
				CLANG_WARN_RANGE_LOOP_ANALYSIS = YES;
				CLANG_WARN_STRICT_PROTOTYPES = YES;
				CLANG_WARN_SUSPICIOUS_MOVE = YES;
				CLANG_WARN_UNGUARDED_AVAILABILITY = YES_AGGRESSIVE;
				CLANG_WARN_UNREACHABLE_CODE = YES;
				CLANG_WARN__DUPLICATE_METHOD_MATCH = YES;
				COPY_PHASE_STRIP = NO;
				DEBUG_INFORMATION_FORMAT = "dwarf-with-dsym";
				DEVELOPMENT_TEAM = 7A72DTAWC9;
				ENABLE_NS_ASSERTIONS = NO;
				ENABLE_STRICT_OBJC_MSGSEND = YES;
				ENABLE_USER_SCRIPT_SANDBOXING = YES;
				GCC_C_LANGUAGE_STANDARD = gnu17;
				GCC_NO_COMMON_BLOCKS = YES;
				GCC_WARN_64_TO_32_BIT_CONVERSION = YES;
				GCC_WARN_ABOUT_RETURN_TYPE = YES_ERROR;
				GCC_WARN_UNDECLARED_SELECTOR = YES;
				GCC_WARN_UNINITIALIZED_AUTOS = YES_AGGRESSIVE;
				GCC_WARN_UNUSED_FUNCTION = YES;
				GCC_WARN_UNUSED_VARIABLE = YES;
				IPHONEOS_DEPLOYMENT_TARGET = 18.4;
				LOCALIZATION_PREFERS_STRING_CATALOGS = YES;
				MTL_ENABLE_DEBUG_INFO = NO;
				MTL_FAST_MATH = YES;
				SDKROOT = iphoneos;
				SWIFT_COMPILATION_MODE = wholemodule;
				VALIDATE_PRODUCT = YES;
			};
			name = Release;
		};
		3DC66E812E1D9E9700274138 /* Debug */ = {
			isa = XCBuildConfiguration;
			buildSettings = {
				ASSETCATALOG_COMPILER_APPICON_NAME = AppIcon;
				ASSETCATALOG_COMPILER_GLOBAL_ACCENT_COLOR_NAME = AccentColor;
				CODE_SIGN_STYLE = Automatic;
				CURRENT_PROJECT_VERSION = 1;
				DEVELOPMENT_TEAM = 7A72DTAWC9;
				ENABLE_PREVIEWS = YES;
				GENERATE_INFOPLIST_FILE = YES;
				INFOPLIST_FILE = prelaud/Info.plist;
				INFOPLIST_KEY_CFBundleDisplayName = prelaud;
				INFOPLIST_KEY_ITSAppUsesNonExemptEncryption = NO;
				INFOPLIST_KEY_LSApplicationCategoryType = "public.app-category.music";
				INFOPLIST_KEY_UIApplicationSceneManifest_Generation = YES;
				INFOPLIST_KEY_UIApplicationSupportsIndirectInputEvents = YES;
				INFOPLIST_KEY_UILaunchScreen_Generation = YES;
				INFOPLIST_KEY_UISupportedInterfaceOrientations_iPad = "UIInterfaceOrientationPortrait UIInterfaceOrientationPortraitUpsideDown UIInterfaceOrientationLandscapeLeft UIInterfaceOrientationLandscapeRight";
				INFOPLIST_KEY_UISupportedInterfaceOrientations_iPhone = "UIInterfaceOrientationPortrait UIInterfaceOrientationLandscapeLeft UIInterfaceOrientationLandscapeRight";
				LD_RUNPATH_SEARCH_PATHS = (
					"$(inherited)",
					"@executable_path/Frameworks",
				);
				MARKETING_VERSION = 0.11;
				PRODUCT_BUNDLE_IDENTIFIER = com.JL.prelaud;
				PRODUCT_NAME = "$(TARGET_NAME)";
				SWIFT_EMIT_LOC_STRINGS = YES;
				SWIFT_VERSION = 5.0;
				TARGETED_DEVICE_FAMILY = "1,2";
			};
			name = Debug;
		};
		3DC66E822E1D9E9700274138 /* Release */ = {
			isa = XCBuildConfiguration;
			buildSettings = {
				ASSETCATALOG_COMPILER_APPICON_NAME = AppIcon;
				ASSETCATALOG_COMPILER_GLOBAL_ACCENT_COLOR_NAME = AccentColor;
				CODE_SIGN_STYLE = Automatic;
				CURRENT_PROJECT_VERSION = 1;
				DEVELOPMENT_TEAM = 7A72DTAWC9;
				ENABLE_PREVIEWS = YES;
				GENERATE_INFOPLIST_FILE = YES;
				INFOPLIST_FILE = prelaud/Info.plist;
				INFOPLIST_KEY_CFBundleDisplayName = prelaud;
				INFOPLIST_KEY_ITSAppUsesNonExemptEncryption = NO;
				INFOPLIST_KEY_LSApplicationCategoryType = "public.app-category.music";
				INFOPLIST_KEY_UIApplicationSceneManifest_Generation = YES;
				INFOPLIST_KEY_UIApplicationSupportsIndirectInputEvents = YES;
				INFOPLIST_KEY_UILaunchScreen_Generation = YES;
				INFOPLIST_KEY_UISupportedInterfaceOrientations_iPad = "UIInterfaceOrientationPortrait UIInterfaceOrientationPortraitUpsideDown UIInterfaceOrientationLandscapeLeft UIInterfaceOrientationLandscapeRight";
				INFOPLIST_KEY_UISupportedInterfaceOrientations_iPhone = "UIInterfaceOrientationPortrait UIInterfaceOrientationLandscapeLeft UIInterfaceOrientationLandscapeRight";
				LD_RUNPATH_SEARCH_PATHS = (
					"$(inherited)",
					"@executable_path/Frameworks",
				);
				MARKETING_VERSION = 0.11;
				PRODUCT_BUNDLE_IDENTIFIER = com.JL.prelaud;
				PRODUCT_NAME = "$(TARGET_NAME)";
				SWIFT_EMIT_LOC_STRINGS = YES;
				SWIFT_VERSION = 5.0;
				TARGETED_DEVICE_FAMILY = "1,2";
			};
			name = Release;
		};
		3DC66E842E1D9E9700274138 /* Debug */ = {
			isa = XCBuildConfiguration;
			buildSettings = {
				BUNDLE_LOADER = "$(TEST_HOST)";
				CODE_SIGN_STYLE = Automatic;
				CURRENT_PROJECT_VERSION = 1;
				DEVELOPMENT_TEAM = 7A72DTAWC9;
				GENERATE_INFOPLIST_FILE = YES;
				IPHONEOS_DEPLOYMENT_TARGET = 18.4;
				MARKETING_VERSION = 1.0;
				PRODUCT_BUNDLE_IDENTIFIER = janle.MusicPreviewTests;
				PRODUCT_NAME = "$(TARGET_NAME)";
				SWIFT_EMIT_LOC_STRINGS = NO;
				SWIFT_VERSION = 5.0;
				TARGETED_DEVICE_FAMILY = "1,2";
				TEST_HOST = "$(BUILT_PRODUCTS_DIR)/prelaud.app/$(BUNDLE_EXECUTABLE_FOLDER_PATH)/prelaud";
			};
			name = Debug;
		};
		3DC66E852E1D9E9700274138 /* Release */ = {
			isa = XCBuildConfiguration;
			buildSettings = {
				BUNDLE_LOADER = "$(TEST_HOST)";
				CODE_SIGN_STYLE = Automatic;
				CURRENT_PROJECT_VERSION = 1;
				DEVELOPMENT_TEAM = 7A72DTAWC9;
				GENERATE_INFOPLIST_FILE = YES;
				IPHONEOS_DEPLOYMENT_TARGET = 18.4;
				MARKETING_VERSION = 1.0;
				PRODUCT_BUNDLE_IDENTIFIER = janle.MusicPreviewTests;
				PRODUCT_NAME = "$(TARGET_NAME)";
				SWIFT_EMIT_LOC_STRINGS = NO;
				SWIFT_VERSION = 5.0;
				TARGETED_DEVICE_FAMILY = "1,2";
				TEST_HOST = "$(BUILT_PRODUCTS_DIR)/prelaud.app/$(BUNDLE_EXECUTABLE_FOLDER_PATH)/prelaud";
			};
			name = Release;
		};
		3DC66E872E1D9E9700274138 /* Debug */ = {
			isa = XCBuildConfiguration;
			buildSettings = {
				CODE_SIGN_STYLE = Automatic;
				CURRENT_PROJECT_VERSION = 1;
				DEVELOPMENT_TEAM = 7A72DTAWC9;
				GENERATE_INFOPLIST_FILE = YES;
				MARKETING_VERSION = 1.0;
				PRODUCT_BUNDLE_IDENTIFIER = janle.MusicPreviewUITests;
				PRODUCT_NAME = "$(TARGET_NAME)";
				SWIFT_EMIT_LOC_STRINGS = NO;
				SWIFT_VERSION = 5.0;
				TARGETED_DEVICE_FAMILY = "1,2";
				TEST_TARGET_NAME = MusicPreview;
			};
			name = Debug;
		};
		3DC66E882E1D9E9700274138 /* Release */ = {
			isa = XCBuildConfiguration;
			buildSettings = {
				CODE_SIGN_STYLE = Automatic;
				CURRENT_PROJECT_VERSION = 1;
				DEVELOPMENT_TEAM = 7A72DTAWC9;
				GENERATE_INFOPLIST_FILE = YES;
				MARKETING_VERSION = 1.0;
				PRODUCT_BUNDLE_IDENTIFIER = janle.MusicPreviewUITests;
				PRODUCT_NAME = "$(TARGET_NAME)";
				SWIFT_EMIT_LOC_STRINGS = NO;
				SWIFT_VERSION = 5.0;
				TARGETED_DEVICE_FAMILY = "1,2";
				TEST_TARGET_NAME = MusicPreview;
			};
			name = Release;
		};
/* End XCBuildConfiguration section */

/* Begin XCConfigurationList section */
		3DC66E5A2E1D9E9600274138 /* Build configuration list for PBXProject "prelaud" */ = {
			isa = XCConfigurationList;
			buildConfigurations = (
				3DC66E7E2E1D9E9700274138 /* Debug */,
				3DC66E7F2E1D9E9700274138 /* Release */,
			);
			defaultConfigurationIsVisible = 0;
			defaultConfigurationName = Release;
		};
		3DC66E802E1D9E9700274138 /* Build configuration list for PBXNativeTarget "prelaud" */ = {
			isa = XCConfigurationList;
			buildConfigurations = (
				3DC66E812E1D9E9700274138 /* Debug */,
				3DC66E822E1D9E9700274138 /* Release */,
			);
			defaultConfigurationIsVisible = 0;
			defaultConfigurationName = Release;
		};
		3DC66E832E1D9E9700274138 /* Build configuration list for PBXNativeTarget "prelaudTests" */ = {
			isa = XCConfigurationList;
			buildConfigurations = (
				3DC66E842E1D9E9700274138 /* Debug */,
				3DC66E852E1D9E9700274138 /* Release */,
			);
			defaultConfigurationIsVisible = 0;
			defaultConfigurationName = Release;
		};
		3DC66E862E1D9E9700274138 /* Build configuration list for PBXNativeTarget "prelaudUITests" */ = {
			isa = XCConfigurationList;
			buildConfigurations = (
				3DC66E872E1D9E9700274138 /* Debug */,
				3DC66E882E1D9E9700274138 /* Release */,
			);
			defaultConfigurationIsVisible = 0;
			defaultConfigurationName = Release;
		};
/* End XCConfigurationList section */

/* Begin XCRemoteSwiftPackageReference section */
		3D2AA4A02E1FA19F006D954C /* XCRemoteSwiftPackageReference "firebase-ios-sdk" */ = {
			isa = XCRemoteSwiftPackageReference;
			repositoryURL = "https://github.com/firebase/firebase-ios-sdk";
			requirement = {
				kind = upToNextMajorVersion;
				minimumVersion = 11.15.0;
			};
		};
/* End XCRemoteSwiftPackageReference section */

/* Begin XCSwiftPackageProductDependency section */
		3D2AA4A12E1FA19F006D954C /* FirebaseCore */ = {
			isa = XCSwiftPackageProductDependency;
			package = 3D2AA4A02E1FA19F006D954C /* XCRemoteSwiftPackageReference "firebase-ios-sdk" */;
			productName = FirebaseCore;
		};
		3D2AA4A32E1FA19F006D954C /* FirebaseStorage */ = {
			isa = XCSwiftPackageProductDependency;
			package = 3D2AA4A02E1FA19F006D954C /* XCRemoteSwiftPackageReference "firebase-ios-sdk" */;
			productName = FirebaseStorage;
		};
/* End XCSwiftPackageProductDependency section */
	};
	rootObject = 3DC66E572E1D9E9600274138 /* Project object */;
}
